Microsoft Visual Studio Solution File, Format Version 12.00
# Visual Studio Version 17
VisualStudioVersion = 17.0.31903.59
MinimumVisualStudioVersion = 10.0.40219.1
Project("{FAE04EC0-301F-11D3-BF4B-00C04F79EFBC}") = "HausListrik.App", "src/HausListrik.App/HausListrik.App.csproj", "{D0C034D6-3E5B-4F06-B5F0-C28DA0E04077}"
EndProject
Global
	GlobalSection(SolutionConfigurationPlatforms) = preSolution
		Debug|Any CPU = Debug|Any CPU
		Release|Any CPU = Release|Any CPU
	EndGlobalSection
	GlobalSection(ProjectConfigurationPlatforms) = postSolution
		{D0C034D6-3E5B-4F06-B5F0-C28DA0E04077}.Debug|Any CPU.ActiveCfg = Debug|Any CPU
		{D0C034D6-3E5B-4F06-B5F0-C28DA0E04077}.Debug|Any CPU.Build.0 = Debug|Any CPU
		{D0C034D6-3E5B-4F06-B5F0-C28DA0E04077}.Release|Any CPU.ActiveCfg = Release|Any CPU
		{D0C034D6-3E5B-4F06-B5F0-C28DA0E04077}.Release|Any CPU.Build.0 = Release|Any CPU
	EndGlobalSection
	GlobalSection(SolutionProperties) = preSolution
		HideSolutionNode = FALSE
	EndGlobalSection
EndGlobal
